
Microsoft Visual Studio Solution File, Format Version 12.00
# Visual Studio 2012
Project("{E24C65DC-7377-472B-9ABA-BC803B73C61A}") = "MetronicUI", ".", "{E8AFDBAB-C5B7-433E-B218-C6E5FDC93CA0}"
	ProjectSection(WebsiteProperties) = preProject
		TargetFrameworkMoniker = ".NETFramework,Version%3Dv4.0"
		Debug.AspNetCompiler.VirtualPath = "/MetronicUI"
		Debug.AspNetCompiler.PhysicalPath = "..\MetronicUI\"
		Debug.AspNetCompiler.TargetPath = "PrecompiledWeb\MetronicUI\"
		Debug.AspNetCompiler.Updateable = "true"
		Debug.AspNetCompiler.ForceOverwrite = "true"
		Debug.AspNetCompiler.FixedNames = "false"
		Debug.AspNetCompiler.Debug = "True"
		Release.AspNetCompiler.VirtualPath = "/MetronicUI"
		Release.AspNetCompiler.PhysicalPath = "..\MetronicUI\"
		Release.AspNetCompiler.TargetPath = "PrecompiledWeb\MetronicUI\"
		Release.AspNetCompiler.Updateable = "true"
		Release.AspNetCompiler.ForceOverwrite = "true"
		Release.AspNetCompiler.FixedNames = "false"
		Release.AspNetCompiler.Debug = "False"
		VWDPort = "7606"
	EndProjectSection
EndProject
Global
	GlobalSection(SolutionConfigurationPlatforms) = preSolution
		Debug|Any CPU = Debug|Any CPU
	EndGlobalSection
	GlobalSection(ProjectConfigurationPlatforms) = postSolution
		{E8AFDBAB-C5B7-433E-B218-C6E5FDC93CA0}.Debug|Any CPU.ActiveCfg = Debug|Any CPU
		{E8AFDBAB-C5B7-433E-B218-C6E5FDC93CA0}.Debug|Any CPU.Build.0 = Debug|Any CPU
	EndGlobalSection
	GlobalSection(SolutionProperties) = preSolution
		HideSolutionNode = FALSE
	EndGlobalSection
EndGlobal
